<?xml version="1.0" encoding="utf-8"?>
<Project ToolsVersion="4.0" xmlns="http://schemas.microsoft.com/developer/msbuild/2003">
  <ItemGroup>
    <Filter Include="Mirage">
      <UniqueIdentifier>{9A7728C3-8619-5399-6FD4-66ED5B15DAE9}</UniqueIdentifier>
    </Filter>
    <Filter Include="Mirage\Events">
      <UniqueIdentifier>{3E522C2B-AA12-A861-734D-F1DEDFCCEC3D}</UniqueIdentifier>
    </Filter>
  </ItemGroup>
  <ItemGroup>
    <ClInclude Include="src\Mirage.h" />
    <ClInclude Include="src\Mirage\Application.h">
      <Filter>Mirage</Filter>
    </ClInclude>
    <ClInclude Include="src\Mirage\Core.h">
      <Filter>Mirage</Filter>
    </ClInclude>
    <ClInclude Include="src\Mirage\EntryPoint.h">
      <Filter>Mirage</Filter>
    </ClInclude>
    <ClInclude Include="src\Mirage\Events\ApplicationEvent.h">
      <Filter>Mirage\Events</Filter>
    </ClInclude>
    <ClInclude Include="src\Mirage\Events\Event.h">
      <Filter>Mirage\Events</Filter>
    </ClInclude>
    <ClInclude Include="src\Mirage\Events\KeyEvent.h">
      <Filter>Mirage\Events</Filter>
    </ClInclude>
    <ClInclude Include="src\Mirage\Events\MouseEvent.h">
      <Filter>Mirage\Events</Filter>
    </ClInclude>
    <ClInclude Include="src\Mirage\Log.h">
      <Filter>Mirage</Filter>
    </ClInclude>
    <ClInclude Include="src\MrgPch.h" />
  </ItemGroup>
  <ItemGroup>
    <ClCompile Include="src\Mirage\Application.cpp">
      <Filter>Mirage</Filter>
    </ClCompile>
    <ClCompile Include="src\Mirage\Log.cpp">
      <Filter>Mirage</Filter>
    </ClCompile>
    <ClCompile Include="src\MrgPch.cpp" />
  </ItemGroup>
</Project>