<?xml version="1.0" encoding="utf-8"?>
<Project ToolsVersion="4.0" xmlns="http://schemas.microsoft.com/developer/msbuild/2003">
  <ItemGroup>
    <Filter Include="Mirage">
      <UniqueIdentifier>{9A7728C3-8619-5399-6FD4-66ED5B15DAE9}</UniqueIdentifier>
    </Filter>
    <Filter Include="Mirage\Events">
      <UniqueIdentifier>{3E522C2B-AA12-A861-734D-F1DEDFCCEC3D}</UniqueIdentifier>
    </Filter>
    <Filter Include="Mirage\ImGui">
      <UniqueIdentifier>{44B8F694-301B-8639-D9A0-BEEFC5E251BC}</UniqueIdentifier>
    </Filter>
    <Filter Include="Platform">
      <UniqueIdentifier>{2AC788B4-1694-E3BF-3FAD-D1672BD9184E}</UniqueIdentifier>
    </Filter>
    <Filter Include="Platform\Windows">
      <UniqueIdentifier>{64FBD71A-50F4-F66C-7926-DCF1657ED678}</UniqueIdentifier>
    </Filter>
  </ItemGroup>
  <ItemGroup>
    <ClInclude Include="src\Mirage.h" />
    <ClInclude Include="src\Mirage\Application.h">
      <Filter>Mirage</Filter>
    </ClInclude>
    <ClInclude Include="src\Mirage\Core.h">
      <Filter>Mirage</Filter>
    </ClInclude>
    <ClInclude Include="src\Mirage\EntryPoint.h">
      <Filter>Mirage</Filter>
    </ClInclude>
    <ClInclude Include="src\Mirage\Events\ApplicationEvent.h">
      <Filter>Mirage\Events</Filter>
    </ClInclude>
    <ClInclude Include="src\Mirage\Events\Event.h">
      <Filter>Mirage\Events</Filter>
    </ClInclude>
    <ClInclude Include="src\Mirage\Events\KeyEvent.h">
      <Filter>Mirage\Events</Filter>
    </ClInclude>
    <ClInclude Include="src\Mirage\Events\MouseEvent.h">
      <Filter>Mirage\Events</Filter>
    </ClInclude>
    <ClInclude Include="src\Mirage\ImGui\ImGuiLayer.h">
      <Filter>Mirage\ImGui</Filter>
    </ClInclude>
    <ClInclude Include="src\Mirage\Input.h">
      <Filter>Mirage</Filter>
    </ClInclude>
    <ClInclude Include="src\Mirage\KeyCodes.h">
      <Filter>Mirage</Filter>
    </ClInclude>
    <ClInclude Include="src\Mirage\Layer.h">
      <Filter>Mirage</Filter>
    </ClInclude>
    <ClInclude Include="src\Mirage\LayerStack.h">
      <Filter>Mirage</Filter>
    </ClInclude>
    <ClInclude Include="src\Mirage\Log.h">
      <Filter>Mirage</Filter>
    </ClInclude>
    <ClInclude Include="src\Mirage\MouseButtonCodes.h">
      <Filter>Mirage</Filter>
    </ClInclude>
    <ClInclude Include="src\Mirage\Window.h">
      <Filter>Mirage</Filter>
    </ClInclude>
    <ClInclude Include="src\MrgPch.h" />
    <ClInclude Include="src\Platform\Windows\WindowsInput.h">
      <Filter>Platform\Windows</Filter>
    </ClInclude>
    <ClInclude Include="src\Platform\Windows\WindowsWindow.h">
      <Filter>Platform\Windows</Filter>
    </ClInclude>
  </ItemGroup>
  <ItemGroup>
    <ClCompile Include="src\Mirage\Application.cpp">
      <Filter>Mirage</Filter>
    </ClCompile>
    <ClCompile Include="src\Mirage\ImGui\ImGuiBuild.cpp">
      <Filter>Mirage\ImGui</Filter>
    </ClCompile>
    <ClCompile Include="src\Mirage\ImGui\ImGuiLayer.cpp">
      <Filter>Mirage\ImGui</Filter>
    </ClCompile>
    <ClCompile Include="src\Mirage\Layer.cpp">
      <Filter>Mirage</Filter>
    </ClCompile>
    <ClCompile Include="src\Mirage\LayerStack.cpp">
      <Filter>Mirage</Filter>
    </ClCompile>
    <ClCompile Include="src\Mirage\Log.cpp">
      <Filter>Mirage</Filter>
    </ClCompile>
    <ClCompile Include="src\MrgPch.cpp" />
    <ClCompile Include="src\Platform\Windows\WindowsInput.cpp">
      <Filter>Platform\Windows</Filter>
    </ClCompile>
    <ClCompile Include="src\Platform\Windows\WindowsWindow.cpp">
      <Filter>Platform\Windows</Filter>
    </ClCompile>
  </ItemGroup>
</Project>